
Microsoft Visual Studio Solution File, Format Version 12.00
# Visual Studio Version 17
VisualStudioVersion = 17.0.32014.148
MinimumVisualStudioVersion = 10.0.40219.1
Project("{8BC9CEB8-8B4A-11D0-8D11-00A0C91BC942}") = "adinx310-windows-demo", "adinx310-windows-demo.vcxproj", "{310A48BF-7B4E-4BCE-9DDD-4BE5942B813C}"
EndProject
Global
	GlobalSection(SolutionConfigurationPlatforms) = preSolution
		Debug|x64 = Debug|x64
		Debug|x86 = Debug|x86
		Release|x64 = Release|x64
		Release|x86 = Release|x86
		SES_Ethernet|x64 = SES_Ethernet|x64
		SES_Ethernet|x86 = SES_Ethernet|x86
		SES_SPI|x64 = SES_SPI|x64
		SES_SPI|x86 = SES_SPI|x86
	EndGlobalSection
	GlobalSection(ProjectConfigurationPlatforms) = postSolution
		{310A48BF-7B4E-4BCE-9DDD-4BE5942B813C}.Debug|x64.ActiveCfg = Debug|x64
		{310A48BF-7B4E-4BCE-9DDD-4BE5942B813C}.Debug|x64.Build.0 = Debug|x64
		{310A48BF-7B4E-4BCE-9DDD-4BE5942B813C}.Debug|x86.ActiveCfg = Debug|Win32
		{310A48BF-7B4E-4BCE-9DDD-4BE5942B813C}.Debug|x86.Build.0 = Debug|Win32
		{310A48BF-7B4E-4BCE-9DDD-4BE5942B813C}.Release|x64.ActiveCfg = Release|x64
		{310A48BF-7B4E-4BCE-9DDD-4BE5942B813C}.Release|x64.Build.0 = Release|x64
		{310A48BF-7B4E-4BCE-9DDD-4BE5942B813C}.Release|x86.ActiveCfg = Release|Win32
		{310A48BF-7B4E-4BCE-9DDD-4BE5942B813C}.Release|x86.Build.0 = Release|Win32
		{310A48BF-7B4E-4BCE-9DDD-4BE5942B813C}.SES_Ethernet|x64.ActiveCfg = Switch_SPI|x64
		{310A48BF-7B4E-4BCE-9DDD-4BE5942B813C}.SES_Ethernet|x64.Build.0 = Switch_SPI|x64
		{310A48BF-7B4E-4BCE-9DDD-4BE5942B813C}.SES_Ethernet|x86.ActiveCfg = Switch_Ethernet|Win32
		{310A48BF-7B4E-4BCE-9DDD-4BE5942B813C}.SES_Ethernet|x86.Build.0 = Switch_Ethernet|Win32
		{310A48BF-7B4E-4BCE-9DDD-4BE5942B813C}.SES_SPI|x64.ActiveCfg = Switch_SPI|x64
		{310A48BF-7B4E-4BCE-9DDD-4BE5942B813C}.SES_SPI|x64.Build.0 = Switch_SPI|x64
		{310A48BF-7B4E-4BCE-9DDD-4BE5942B813C}.SES_SPI|x86.ActiveCfg = Switch_SPI|Win32
		{310A48BF-7B4E-4BCE-9DDD-4BE5942B813C}.SES_SPI|x86.Build.0 = Switch_SPI|Win32
	EndGlobalSection
	GlobalSection(SolutionProperties) = preSolution
		HideSolutionNode = FALSE
	EndGlobalSection
	GlobalSection(ExtensibilityGlobals) = postSolution
		SolutionGuid = {CB2E26D4-7042-4483-8307-E580307925C1}
	EndGlobalSection
EndGlobal
